
Microsoft Visual Studio Solution File, Format Version 12.00
# Visual Studio Version 17
VisualStudioVersion = 17.9.34701.34
MinimumVisualStudioVersion = 10.0.40219.1
Project("{FAE04EC0-301F-11D3-BF4B-00C04F79EFBC}") = "Week15OOPAndFiles", "Week15OOPAndFiles\Week15OOPAndFiles.csproj", "{C5B13FE7-A4A9-4171-A07B-8FF91D351358}"
EndProject
Global
	GlobalSection(SolutionConfigurationPlatforms) = preSolution
		Debug|Any CPU = Debug|Any CPU
		Release|Any CPU = Release|Any CPU
	EndGlobalSection
	GlobalSection(ProjectConfigurationPlatforms) = postSolution
		{C5B13FE7-A4A9-4171-A07B-8FF91D351358}.Debug|Any CPU.ActiveCfg = Debug|Any CPU
		{C5B13FE7-A4A9-4171-A07B-8FF91D351358}.Debug|Any CPU.Build.0 = Debug|Any CPU
		{C5B13FE7-A4A9-4171-A07B-8FF91D351358}.Release|Any CPU.ActiveCfg = Release|Any CPU
		{C5B13FE7-A4A9-4171-A07B-8FF91D351358}.Release|Any CPU.Build.0 = Release|Any CPU
	EndGlobalSection
	GlobalSection(SolutionProperties) = preSolution
		HideSolutionNode = FALSE
	EndGlobalSection
	GlobalSection(ExtensibilityGlobals) = postSolution
		SolutionGuid = {C310A28A-5E24-451B-840D-CC520A4E02E9}
	EndGlobalSection
EndGlobal
